// !$*UTF8*$!
{
	archiveVersion = 1;
	classes = {
	};
	objectVersion = 48;
	objects = {

/* Begin PBXBuildFile section */
		45282F9920818D7F00B0134C /* AppDelegate.swift in Sources */ = {isa = PBXBuildFile; fileRef = 45282F9820818D7F00B0134C /* AppDelegate.swift */; };
		45282F9B20818D7F00B0134C /* ViewController.swift in Sources */ = {isa = PBXBuildFile; fileRef = 45282F9A20818D7F00B0134C /* ViewController.swift */; };
		45282F9E20818D7F00B0134C /* Main.storyboard in Resources */ = {isa = PBXBuildFile; fileRef = 45282F9C20818D7F00B0134C /* Main.storyboard */; };
		45282FA020818D7F00B0134C /* Assets.xcassets in Resources */ = {isa = PBXBuildFile; fileRef = 45282F9F20818D7F00B0134C /* Assets.xcassets */; };
		45282FA320818D7F00B0134C /* LaunchScreen.storyboard in Resources */ = {isa = PBXBuildFile; fileRef = 45282FA120818D7F00B0134C /* LaunchScreen.storyboard */; };
		45282FAE20818D7F00B0134C /* TinderTests.swift in Sources */ = {isa = PBXBuildFile; fileRef = 45282FAD20818D7F00B0134C /* TinderTests.swift */; };
		45282FB920818D7F00B0134C /* TinderUITests.swift in Sources */ = {isa = PBXBuildFile; fileRef = 45282FB820818D7F00B0134C /* TinderUITests.swift */; };
/* End PBXBuildFile section */

/* Begin PBXContainerItemProxy section */
		45282FAA20818D7F00B0134C /* PBXContainerItemProxy */ = {
			isa = PBXContainerItemProxy;
			containerPortal = 45282F8D20818D7F00B0134C /* Project object */;
			proxyType = 1;
			remoteGlobalIDString = 45282F9420818D7F00B0134C;
			remoteInfo = Tinder;
		};
		45282FB520818D7F00B0134C /* PBXContainerItemProxy */ = {
			isa = PBXContainerItemProxy;
			containerPortal = 45282F8D20818D7F00B0134C /* Project object */;
			proxyType = 1;
			remoteGlobalIDString = 45282F9420818D7F00B0134C;
			remoteInfo = Tinder;
		};
/* End PBXContainerItemProxy section */

/* Begin PBXFileReference section */
		45282F9520818D7F00B0134C /* Tinder.app */ = {isa = PBXFileReference; explicitFileType = wrapper.application; includeInIndex = 0; path = Tinder.app; sourceTree = BUILT_PRODUCTS_DIR; };
		45282F9820818D7F00B0134C /* AppDelegate.swift */ = {isa = PBXFileReference; lastKnownFileType = sourcecode.swift; path = AppDelegate.swift; sourceTree = "<group>"; };
		45282F9A20818D7F00B0134C /* ViewController.swift */ = {isa = PBXFileReference; lastKnownFileType = sourcecode.swift; path = ViewController.swift; sourceTree = "<group>"; };
		45282F9D20818D7F00B0134C /* Base */ = {isa = PBXFileReference; lastKnownFileType = file.storyboard; name = Base; path = Base.lproj/Main.storyboard; sourceTree = "<group>"; };
		45282F9F20818D7F00B0134C /* Assets.xcassets */ = {isa = PBXFileReference; lastKnownFileType = folder.assetcatalog; path = Assets.xcassets; sourceTree = "<group>"; };
		45282FA220818D7F00B0134C /* Base */ = {isa = PBXFileReference; lastKnownFileType = file.storyboard; name = Base; path = Base.lproj/LaunchScreen.storyboard; sourceTree = "<group>"; };
		45282FA420818D7F00B0134C /* Info.plist */ = {isa = PBXFileReference; lastKnownFileType = text.plist.xml; path = Info.plist; sourceTree = "<group>"; };
		45282FA920818D7F00B0134C /* TinderTests.xctest */ = {isa = PBXFileReference; explicitFileType = wrapper.cfbundle; includeInIndex = 0; path = TinderTests.xctest; sourceTree = BUILT_PRODUCTS_DIR; };
		45282FAD20818D7F00B0134C /* TinderTests.swift */ = {isa = PBXFileReference; lastKnownFileType = sourcecode.swift; path = TinderTests.swift; sourceTree = "<group>"; };
		45282FAF20818D7F00B0134C /* Info.plist */ = {isa = PBXFileReference; lastKnownFileType = text.plist.xml; path = Info.plist; sourceTree = "<group>"; };
		45282FB420818D7F00B0134C /* TinderUITests.xctest */ = {isa = PBXFileReference; explicitFileType = wrapper.cfbundle; includeInIndex = 0; path = TinderUITests.xctest; sourceTree = BUILT_PRODUCTS_DIR; };
		45282FB820818D7F00B0134C /* TinderUITests.swift */ = {isa = PBXFileReference; lastKnownFileType = sourcecode.swift; path = TinderUITests.swift; sourceTree = "<group>"; };
		45282FBA20818D7F00B0134C /* Info.plist */ = {isa = PBXFileReference; lastKnownFileType = text.plist.xml; path = Info.plist; sourceTree = "<group>"; };
/* End PBXFileReference section */

/* Begin PBXFrameworksBuildPhase section */
		45282F9220818D7F00B0134C /* Frameworks */ = {
			isa = PBXFrameworksBuildPhase;
			buildActionMask = 2147483647;
			files = (
			);
			runOnlyForDeploymentPostprocessing = 0;
		};
		45282FA620818D7F00B0134C /* Frameworks */ = {
			isa = PBXFrameworksBuildPhase;
			buildActionMask = 2147483647;
			files = (
			);
			runOnlyForDeploymentPostprocessing = 0;
		};
		45282FB120818D7F00B0134C /* Frameworks */ = {
			isa = PBXFrameworksBuildPhase;
			buildActionMask = 2147483647;
			files = (
			);
			runOnlyForDeploymentPostprocessing = 0;
		};
/* End PBXFrameworksBuildPhase section */

/* Begin PBXGroup section */
		45282F8C20818D7F00B0134C = {
			isa = PBXGroup;
			children = (
				45282F9720818D7F00B0134C /* Tinder */,
				45282FAC20818D7F00B0134C /* TinderTests */,
				45282FB720818D7F00B0134C /* TinderUITests */,
				45282F9620818D7F00B0134C /* Products */,
			);
			sourceTree = "<group>";
		};
		45282F9620818D7F00B0134C /* Products */ = {
			isa = PBXGroup;
			children = (
				45282F9520818D7F00B0134C /* Tinder.app */,
				45282FA920818D7F00B0134C /* TinderTests.xctest */,
				45282FB420818D7F00B0134C /* TinderUITests.xctest */,
			);
			name = Products;
			sourceTree = "<group>";
		};
		45282F9720818D7F00B0134C /* Tinder */ = {
			isa = PBXGroup;
			children = (
				45282F9820818D7F00B0134C /* AppDelegate.swift */,
				45282F9A20818D7F00B0134C /* ViewController.swift */,
				45282F9C20818D7F00B0134C /* Main.storyboard */,
				45282F9F20818D7F00B0134C /* Assets.xcassets */,
				45282FA120818D7F00B0134C /* LaunchScreen.storyboard */,
				45282FA420818D7F00B0134C /* Info.plist */,
			);
			path = Tinder;
			sourceTree = "<group>";
		};
		45282FAC20818D7F00B0134C /* TinderTests */ = {
			isa = PBXGroup;
			children = (
				45282FAD20818D7F00B0134C /* TinderTests.swift */,
				45282FAF20818D7F00B0134C /* Info.plist */,
			);
			path = TinderTests;
			sourceTree = "<group>";
		};
		45282FB720818D7F00B0134C /* TinderUITests */ = {
			isa = PBXGroup;
			children = (
				45282FB820818D7F00B0134C /* TinderUITests.swift */,
				45282FBA20818D7F00B0134C /* Info.plist */,
			);
			path = TinderUITests;
			sourceTree = "<group>";
		};
/* End PBXGroup section */

/* Begin PBXNativeTarget section */
		45282F9420818D7F00B0134C /* Tinder */ = {
			isa = PBXNativeTarget;
			buildConfigurationList = 45282FBD20818D7F00B0134C /* Build configuration list for PBXNativeTarget "Tinder" */;
			buildPhases = (
				45282F9120818D7F00B0134C /* Sources */,
				45282F9220818D7F00B0134C /* Frameworks */,
				45282F9320818D7F00B0134C /* Resources */,
			);
			buildRules = (
			);
			dependencies = (
			);
			name = Tinder;
			productName = Tinder;
			productReference = 45282F9520818D7F00B0134C /* Tinder.app */;
			productType = "com.apple.product-type.application";
		};
		45282FA820818D7F00B0134C /* TinderTests */ = {
			isa = PBXNativeTarget;
			buildConfigurationList = 45282FC020818D7F00B0134C /* Build configuration list for PBXNativeTarget "TinderTests" */;
			buildPhases = (
				45282FA520818D7F00B0134C /* Sources */,
				45282FA620818D7F00B0134C /* Frameworks */,
				45282FA720818D7F00B0134C /* Resources */,
			);
			buildRules = (
			);
			dependencies = (
				45282FAB20818D7F00B0134C /* PBXTargetDependency */,
			);
			name = TinderTests;
			productName = TinderTests;
			productReference = 45282FA920818D7F00B0134C /* TinderTests.xctest */;
			productType = "com.apple.product-type.bundle.unit-test";
		};
		45282FB320818D7F00B0134C /* TinderUITests */ = {
			isa = PBXNativeTarget;
			buildConfigurationList = 45282FC320818D7F00B0134C /* Build configuration list for PBXNativeTarget "TinderUITests" */;
			buildPhases = (
				45282FB020818D7F00B0134C /* Sources */,
				45282FB120818D7F00B0134C /* Frameworks */,
				45282FB220818D7F00B0134C /* Resources */,
			);
			buildRules = (
			);
			dependencies = (
				45282FB620818D7F00B0134C /* PBXTargetDependency */,
			);
			name = TinderUITests;
			productName = TinderUITests;
			productReference = 45282FB420818D7F00B0134C /* TinderUITests.xctest */;
			productType = "com.apple.product-type.bundle.ui-testing";
		};
/* End PBXNativeTarget section */

/* Begin PBXProject section */
		45282F8D20818D7F00B0134C /* Project object */ = {
			isa = PBXProject;
			attributes = {
				LastSwiftUpdateCheck = 0920;
				LastUpgradeCheck = 0920;
				ORGANIZATIONNAME = "Ruben A Gonzalez";
				TargetAttributes = {
					45282F9420818D7F00B0134C = {
						CreatedOnToolsVersion = 9.2;
						ProvisioningStyle = Automatic;
					};
					45282FA820818D7F00B0134C = {
						CreatedOnToolsVersion = 9.2;
						ProvisioningStyle = Automatic;
						TestTargetID = 45282F9420818D7F00B0134C;
					};
					45282FB320818D7F00B0134C = {
						CreatedOnToolsVersion = 9.2;
						ProvisioningStyle = Automatic;
						TestTargetID = 45282F9420818D7F00B0134C;
					};
				};
			};
			buildConfigurationList = 45282F9020818D7F00B0134C /* Build configuration list for PBXProject "Tinder" */;
			compatibilityVersion = "Xcode 8.0";
			developmentRegion = en;
			hasScannedForEncodings = 0;
			knownRegions = (
				en,
				Base,
			);
			mainGroup = 45282F8C20818D7F00B0134C;
			productRefGroup = 45282F9620818D7F00B0134C /* Products */;
			projectDirPath = "";
			projectRoot = "";
			targets = (
				45282F9420818D7F00B0134C /* Tinder */,
				45282FA820818D7F00B0134C /* TinderTests */,
				45282FB320818D7F00B0134C /* TinderUITests */,
			);
		};
/* End PBXProject section */

/* Begin PBXResourcesBuildPhase section */
		45282F9320818D7F00B0134C /* Resources */ = {
			isa = PBXResourcesBuildPhase;
			buildActionMask = 2147483647;
			files = (
				45282FA320818D7F00B0134C /* LaunchScreen.storyboard in Resources */,
				45282FA020818D7F00B0134C /* Assets.xcassets in Resources */,
				45282F9E20818D7F00B0134C /* Main.storyboard in Resources */,
			);
			runOnlyForDeploymentPostprocessing = 0;
		};
		45282FA720818D7F00B0134C /* Resources */ = {
			isa = PBXResourcesBuildPhase;
			buildActionMask = 2147483647;
			files = (
			);
			runOnlyForDeploymentPostprocessing = 0;
		};
		45282FB220818D7F00B0134C /* Resources */ = {
			isa = PBXResourcesBuildPhase;
			buildActionMask = 2147483647;
			files = (
			);
			runOnlyForDeploymentPostprocessing = 0;
		};
/* End PBXResourcesBuildPhase section */

/* Begin PBXSourcesBuildPhase section */
		45282F9120818D7F00B0134C /* Sources */ = {
			isa = PBXSourcesBuildPhase;
			buildActionMask = 2147483647;
			files = (
				45282F9B20818D7F00B0134C /* ViewController.swift in Sources */,
				45282F9920818D7F00B0134C /* AppDelegate.swift in Sources */,
			);
			runOnlyForDeploymentPostprocessing = 0;
		};
		45282FA520818D7F00B0134C /* Sources */ = {
			isa = PBXSourcesBuildPhase;
			buildActionMask = 2147483647;
			files = (
				45282FAE20818D7F00B0134C /* TinderTests.swift in Sources */,
			);
			runOnlyForDeploymentPostprocessing = 0;
		};
		45282FB020818D7F00B0134C /* Sources */ = {
			isa = PBXSourcesBuildPhase;
			buildActionMask = 2147483647;
			files = (
				45282FB920818D7F00B0134C /* TinderUITests.swift in Sources */,
			);
			runOnlyForDeploymentPostprocessing = 0;
		};
/* End PBXSourcesBuildPhase section */

/* Begin PBXTargetDependency section */
		45282FAB20818D7F00B0134C /* PBXTargetDependency */ = {
			isa = PBXTargetDependency;
			target = 45282F9420818D7F00B0134C /* Tinder */;
			targetProxy = 45282FAA20818D7F00B0134C /* PBXContainerItemProxy */;
		};
		45282FB620818D7F00B0134C /* PBXTargetDependency */ = {
			isa = PBXTargetDependency;
			target = 45282F9420818D7F00B0134C /* Tinder */;
			targetProxy = 45282FB520818D7F00B0134C /* PBXContainerItemProxy */;
		};
/* End PBXTargetDependency section */

/* Begin PBXVariantGroup section */
		45282F9C20818D7F00B0134C /* Main.storyboard */ = {
			isa = PBXVariantGroup;
			children = (
				45282F9D20818D7F00B0134C /* Base */,
			);
			name = Main.storyboard;
			sourceTree = "<group>";
		};
		45282FA120818D7F00B0134C /* LaunchScreen.storyboard */ = {
			isa = PBXVariantGroup;
			children = (
				45282FA220818D7F00B0134C /* Base */,
			);
			name = LaunchScreen.storyboard;
			sourceTree = "<group>";
		};
/* End PBXVariantGroup section */

/* Begin XCBuildConfiguration section */
		45282FBB20818D7F00B0134C /* Debug */ = {
			isa = XCBuildConfiguration;
			buildSettings = {
				ALWAYS_SEARCH_USER_PATHS = NO;
				CLANG_ANALYZER_NONNULL = YES;
				CLANG_ANALYZER_NUMBER_OBJECT_CONVERSION = YES_AGGRESSIVE;
				CLANG_CXX_LANGUAGE_STANDARD = "gnu++14";
				CLANG_CXX_LIBRARY = "libc++";
				CLANG_ENABLE_MODULES = YES;
				CLANG_ENABLE_OBJC_ARC = YES;
				CLANG_WARN_BLOCK_CAPTURE_AUTORELEASING = YES;
				CLANG_WARN_BOOL_CONVERSION = YES;
				CLANG_WARN_COMMA = YES;
				CLANG_WARN_CONSTANT_CONVERSION = YES;
				CLANG_WARN_DIRECT_OBJC_ISA_USAGE = YES_ERROR;
				CLANG_WARN_DOCUMENTATION_COMMENTS = YES;
				CLANG_WARN_EMPTY_BODY = YES;
				CLANG_WARN_ENUM_CONVERSION = YES;
				CLANG_WARN_INFINITE_RECURSION = YES;
				CLANG_WARN_INT_CONVERSION = YES;
				CLANG_WARN_NON_LITERAL_NULL_CONVERSION = YES;
				CLANG_WARN_OBJC_LITERAL_CONVERSION = YES;
				CLANG_WARN_OBJC_ROOT_CLASS = YES_ERROR;
				CLANG_WARN_RANGE_LOOP_ANALYSIS = YES;
				CLANG_WARN_STRICT_PROTOTYPES = YES;
				CLANG_WARN_SUSPICIOUS_MOVE = YES;
				CLANG_WARN_UNGUARDED_AVAILABILITY = YES_AGGRESSIVE;
				CLANG_WARN_UNREACHABLE_CODE = YES;
				CLANG_WARN__DUPLICATE_METHOD_MATCH = YES;
				CODE_SIGN_IDENTITY = "iPhone Developer";
				COPY_PHASE_STRIP = NO;
				DEBUG_INFORMATION_FORMAT = dwarf;
				ENABLE_STRICT_OBJC_MSGSEND = YES;
				ENABLE_TESTABILITY = YES;
				GCC_C_LANGUAGE_STANDARD = gnu11;
				GCC_DYNAMIC_NO_PIC = NO;
				GCC_NO_COMMON_BLOCKS = YES;
				GCC_OPTIMIZATION_LEVEL = 0;
				GCC_PREPROCESSOR_DEFINITIONS = (
					"DEBUG=1",
					"$(inherited)",
				);
				GCC_WARN_64_TO_32_BIT_CONVERSION = YES;
				GCC_WARN_ABOUT_RETURN_TYPE = YES_ERROR;
				GCC_WARN_UNDECLARED_SELECTOR = YES;
				GCC_WARN_UNINITIALIZED_AUTOS = YES_AGGRESSIVE;
				GCC_WARN_UNUSED_FUNCTION = YES;
				GCC_WARN_UNUSED_VARIABLE = YES;
				IPHONEOS_DEPLOYMENT_TARGET = 11.2;
				MTL_ENABLE_DEBUG_INFO = YES;
				ONLY_ACTIVE_ARCH = YES;
				SDKROOT = iphoneos;
				SWIFT_ACTIVE_COMPILATION_CONDITIONS = DEBUG;
				SWIFT_OPTIMIZATION_LEVEL = "-Onone";
			};
			name = Debug;
		};
		45282FBC20818D7F00B0134C /* Release */ = {
			isa = XCBuildConfiguration;
			buildSettings = {
				ALWAYS_SEARCH_USER_PATHS = NO;
				CLANG_ANALYZER_NONNULL = YES;
				CLANG_ANALYZER_NUMBER_OBJECT_CONVERSION = YES_AGGRESSIVE;
				CLANG_CXX_LANGUAGE_STANDARD = "gnu++14";
				CLANG_CXX_LIBRARY = "libc++";
				CLANG_ENABLE_MODULES = YES;
				CLANG_ENABLE_OBJC_ARC = YES;
				CLANG_WARN_BLOCK_CAPTURE_AUTORELEASING = YES;
				CLANG_WARN_BOOL_CONVERSION = YES;
				CLANG_WARN_COMMA = YES;
				CLANG_WARN_CONSTANT_CONVERSION = YES;
				CLANG_WARN_DIRECT_OBJC_ISA_USAGE = YES_ERROR;
				CLANG_WARN_DOCUMENTATION_COMMENTS = YES;
				CLANG_WARN_EMPTY_BODY = YES;
				CLANG_WARN_ENUM_CONVERSION = YES;
				CLANG_WARN_INFINITE_RECURSION = YES;
				CLANG_WARN_INT_CONVERSION = YES;
				CLANG_WARN_NON_LITERAL_NULL_CONVERSION = YES;
				CLANG_WARN_OBJC_LITERAL_CONVERSION = YES;
				CLANG_WARN_OBJC_ROOT_CLASS = YES_ERROR;
				CLANG_WARN_RANGE_LOOP_ANALYSIS = YES;
				CLANG_WARN_STRICT_PROTOTYPES = YES;
				CLANG_WARN_SUSPICIOUS_MOVE = YES;
				CLANG_WARN_UNGUARDED_AVAILABILITY = YES_AGGRESSIVE;
				CLANG_WARN_UNREACHABLE_CODE = YES;
				CLANG_WARN__DUPLICATE_METHOD_MATCH = YES;
				CODE_SIGN_IDENTITY = "iPhone Developer";
				COPY_PHASE_STRIP = NO;
				DEBUG_INFORMATION_FORMAT = "dwarf-with-dsym";
				ENABLE_NS_ASSERTIONS = NO;
				ENABLE_STRICT_OBJC_MSGSEND = YES;
				GCC_C_LANGUAGE_STANDARD = gnu11;
				GCC_NO_COMMON_BLOCKS = YES;
				GCC_WARN_64_TO_32_BIT_CONVERSION = YES;
				GCC_WARN_ABOUT_RETURN_TYPE = YES_ERROR;
				GCC_WARN_UNDECLARED_SELECTOR = YES;
				GCC_WARN_UNINITIALIZED_AUTOS = YES_AGGRESSIVE;
				GCC_WARN_UNUSED_FUNCTION = YES;
				GCC_WARN_UNUSED_VARIABLE = YES;
				IPHONEOS_DEPLOYMENT_TARGET = 11.2;
				MTL_ENABLE_DEBUG_INFO = NO;
				SDKROOT = iphoneos;
				SWIFT_OPTIMIZATION_LEVEL = "-Owholemodule";
				VALIDATE_PRODUCT = YES;
			};
			name = Release;
		};
		45282FBE20818D7F00B0134C /* Debug */ = {
			isa = XCBuildConfiguration;
			buildSettings = {
				ASSETCATALOG_COMPILER_APPICON_NAME = AppIcon;
				CODE_SIGN_STYLE = Automatic;
				INFOPLIST_FILE = Tinder/Info.plist;
				LD_RUNPATH_SEARCH_PATHS = "$(inherited) @executable_path/Frameworks";
				PRODUCT_BUNDLE_IDENTIFIER = com.codepath.Tinder;
				PRODUCT_NAME = "$(TARGET_NAME)";
				SWIFT_VERSION = 4.0;
				TARGETED_DEVICE_FAMILY = "1,2";
			};
			name = Debug;
		};
		45282FBF20818D7F00B0134C /* Release */ = {
			isa = XCBuildConfiguration;
			buildSettings = {
				ASSETCATALOG_COMPILER_APPICON_NAME = AppIcon;
				CODE_SIGN_STYLE = Automatic;
				INFOPLIST_FILE = Tinder/Info.plist;
				LD_RUNPATH_SEARCH_PATHS = "$(inherited) @executable_path/Frameworks";
				PRODUCT_BUNDLE_IDENTIFIER = com.codepath.Tinder;
				PRODUCT_NAME = "$(TARGET_NAME)";
				SWIFT_VERSION = 4.0;
				TARGETED_DEVICE_FAMILY = "1,2";
			};
			name = Release;
		};
		45282FC120818D7F00B0134C /* Debug */ = {
			isa = XCBuildConfiguration;
			buildSettings = {
				ALWAYS_EMBED_SWIFT_STANDARD_LIBRARIES = YES;
				BUNDLE_LOADER = "$(TEST_HOST)";
				CODE_SIGN_STYLE = Automatic;
				INFOPLIST_FILE = TinderTests/Info.plist;
				LD_RUNPATH_SEARCH_PATHS = "$(inherited) @executable_path/Frameworks @loader_path/Frameworks";
				PRODUCT_BUNDLE_IDENTIFIER = com.codepath.TinderTests;
				PRODUCT_NAME = "$(TARGET_NAME)";
				SWIFT_VERSION = 4.0;
				TARGETED_DEVICE_FAMILY = "1,2";
				TEST_HOST = "$(BUILT_PRODUCTS_DIR)/Tinder.app/Tinder";
			};
			name = Debug;
		};
		45282FC220818D7F00B0134C /* Release */ = {
			isa = XCBuildConfiguration;
			buildSettings = {
				ALWAYS_EMBED_SWIFT_STANDARD_LIBRARIES = YES;
				BUNDLE_LOADER = "$(TEST_HOST)";
				CODE_SIGN_STYLE = Automatic;
				INFOPLIST_FILE = TinderTests/Info.plist;
				LD_RUNPATH_SEARCH_PATHS = "$(inherited) @executable_path/Frameworks @loader_path/Frameworks";
				PRODUCT_BUNDLE_IDENTIFIER = com.codepath.TinderTests;
				PRODUCT_NAME = "$(TARGET_NAME)";
				SWIFT_VERSION = 4.0;
				TARGETED_DEVICE_FAMILY = "1,2";
				TEST_HOST = "$(BUILT_PRODUCTS_DIR)/Tinder.app/Tinder";
			};
			name = Release;
		};
		45282FC420818D7F00B0134C /* Debug */ = {
			isa = XCBuildConfiguration;
			buildSettings = {
				ALWAYS_EMBED_SWIFT_STANDARD_LIBRARIES = YES;
				CODE_SIGN_STYLE = Automatic;
				INFOPLIST_FILE = TinderUITests/Info.plist;
				LD_RUNPATH_SEARCH_PATHS = "$(inherited) @executable_path/Frameworks @loader_path/Frameworks";
				PRODUCT_BUNDLE_IDENTIFIER = com.codepath.TinderUITests;
				PRODUCT_NAME = "$(TARGET_NAME)";
				SWIFT_VERSION = 4.0;
				TARGETED_DEVICE_FAMILY = "1,2";
				TEST_TARGET_NAME = Tinder;
			};
			name = Debug;
		};
		45282FC520818D7F00B0134C /* Release */ = {
			isa = XCBuildConfiguration;
			buildSettings = {
				ALWAYS_EMBED_SWIFT_STANDARD_LIBRARIES = YES;
				CODE_SIGN_STYLE = Automatic;
				INFOPLIST_FILE = TinderUITests/Info.plist;
				LD_RUNPATH_SEARCH_PATHS = "$(inherited) @executable_path/Frameworks @loader_path/Frameworks";
				PRODUCT_BUNDLE_IDENTIFIER = com.codepath.TinderUITests;
				PRODUCT_NAME = "$(TARGET_NAME)";
				SWIFT_VERSION = 4.0;
				TARGETED_DEVICE_FAMILY = "1,2";
				TEST_TARGET_NAME = Tinder;
			};
			name = Release;
		};
/* End XCBuildConfiguration section */

/* Begin XCConfigurationList section */
		45282F9020818D7F00B0134C /* Build configuration list for PBXProject "Tinder" */ = {
			isa = XCConfigurationList;
			buildConfigurations = (
				45282FBB20818D7F00B0134C /* Debug */,
				45282FBC20818D7F00B0134C /* Release */,
			);
			defaultConfigurationIsVisible = 0;
			defaultConfigurationName = Release;
		};
		45282FBD20818D7F00B0134C /* Build configuration list for PBXNativeTarget "Tinder" */ = {
			isa = XCConfigurationList;
			buildConfigurations = (
				45282FBE20818D7F00B0134C /* Debug */,
				45282FBF20818D7F00B0134C /* Release */,
			);
			defaultConfigurationIsVisible = 0;
			defaultConfigurationName = Release;
		};
		45282FC020818D7F00B0134C /* Build configuration list for PBXNativeTarget "TinderTests" */ = {
			isa = XCConfigurationList;
			buildConfigurations = (
				45282FC120818D7F00B0134C /* Debug */,
				45282FC220818D7F00B0134C /* Release */,
			);
			defaultConfigurationIsVisible = 0;
			defaultConfigurationName = Release;
		};
		45282FC320818D7F00B0134C /* Build configuration list for PBXNativeTarget "TinderUITests" */ = {
			isa = XCConfigurationList;
			buildConfigurations = (
				45282FC420818D7F00B0134C /* Debug */,
				45282FC520818D7F00B0134C /* Release */,
			);
			defaultConfigurationIsVisible = 0;
			defaultConfigurationName = Release;
		};
/* End XCConfigurationList section */
	};
	rootObject = 45282F8D20818D7F00B0134C /* Project object */;
}
